
Microsoft Visual Studio Solution File, Format Version 12.00
# Visual Studio Version 16
VisualStudioVersion = 16.0.31025.194
MinimumVisualStudioVersion = 10.0.40219.1
Project("{9A19103F-16F7-4668-BE54-9A1E7A4F7556}") = "SteelierSoul", "SteelierSoul\SteelierSoul.csproj", "{43D8FA19-6204-4E7E-8C2E-138465DCE8BC}"
EndProject
Global
	GlobalSection(SolutionConfigurationPlatforms) = preSolution
		Debug|Any CPU = Debug|Any CPU
		Release|Any CPU = Release|Any CPU
	EndGlobalSection
	GlobalSection(ProjectConfigurationPlatforms) = postSolution
		{43D8FA19-6204-4E7E-8C2E-138465DCE8BC}.Debug|Any CPU.ActiveCfg = Debug|Any CPU
		{43D8FA19-6204-4E7E-8C2E-138465DCE8BC}.Debug|Any CPU.Build.0 = Debug|Any CPU
		{43D8FA19-6204-4E7E-8C2E-138465DCE8BC}.Release|Any CPU.ActiveCfg = Release|Any CPU
		{43D8FA19-6204-4E7E-8C2E-138465DCE8BC}.Release|Any CPU.Build.0 = Release|Any CPU
	EndGlobalSection
	GlobalSection(SolutionProperties) = preSolution
		HideSolutionNode = FALSE
	EndGlobalSection
	GlobalSection(ExtensibilityGlobals) = postSolution
		SolutionGuid = {96232B64-118C-4FB9-92D3-3BFC3CFCCF82}
	EndGlobalSection
EndGlobal
